// !$*UTF8*$!
{
	archiveVersion = 1;
	classes = {
	};
	objectVersion = 48;
	objects = {

/* Begin PBXBuildFile section */
		42034693204A9C6F00CE2D56 /* AppDelegate.swift in Sources */ = {isa = PBXBuildFile; fileRef = 42034692204A9C6F00CE2D56 /* AppDelegate.swift */; };
		42034695204A9C6F00CE2D56 /* LoginTutorialViewController.swift in Sources */ = {isa = PBXBuildFile; fileRef = 42034694204A9C6F00CE2D56 /* LoginTutorialViewController.swift */; };
		42034698204A9C6F00CE2D56 /* Main.storyboard in Resources */ = {isa = PBXBuildFile; fileRef = 42034696204A9C6F00CE2D56 /* Main.storyboard */; };
		4203469A204A9C6F00CE2D56 /* Assets.xcassets in Resources */ = {isa = PBXBuildFile; fileRef = 42034699204A9C6F00CE2D56 /* Assets.xcassets */; };
		4203469D204A9C6F00CE2D56 /* LaunchScreen.storyboard in Resources */ = {isa = PBXBuildFile; fileRef = 4203469B204A9C6F00CE2D56 /* LaunchScreen.storyboard */; };
		420346A8204A9C6F00CE2D56 /* CertiWineTests.swift in Sources */ = {isa = PBXBuildFile; fileRef = 420346A7204A9C6F00CE2D56 /* CertiWineTests.swift */; };
		420346BC204AACD400CE2D56 /* Constants.swift in Sources */ = {isa = PBXBuildFile; fileRef = 420346BB204AACD400CE2D56 /* Constants.swift */; };
		4227C447204AB92F0036EC77 /* UserAPI.swift in Sources */ = {isa = PBXBuildFile; fileRef = 4227C446204AB92F0036EC77 /* UserAPI.swift */; };
		4227C449204ABAE70036EC77 /* Extentions.swift in Sources */ = {isa = PBXBuildFile; fileRef = 4227C448204ABAE70036EC77 /* Extentions.swift */; };
		4227C450204AC6480036EC77 /* CircleMenu.swift in Sources */ = {isa = PBXBuildFile; fileRef = 4227C44B204AC6480036EC77 /* CircleMenu.swift */; };
		4227C451204AC6480036EC77 /* CircleMenuLoader.swift in Sources */ = {isa = PBXBuildFile; fileRef = 4227C44D204AC6480036EC77 /* CircleMenuLoader.swift */; };
		4227C452204AC6480036EC77 /* CircleMenuButton.swift in Sources */ = {isa = PBXBuildFile; fileRef = 4227C44F204AC6480036EC77 /* CircleMenuButton.swift */; };
		4227C454204AC6F20036EC77 /* StationAPI.swift in Sources */ = {isa = PBXBuildFile; fileRef = 4227C453204AC6F20036EC77 /* StationAPI.swift */; };
		4227C456204AC6FF0036EC77 /* SensorAPI.swift in Sources */ = {isa = PBXBuildFile; fileRef = 4227C455204AC6FF0036EC77 /* SensorAPI.swift */; };
		4227C458204AC7150036EC77 /* ValueAPI.swift in Sources */ = {isa = PBXBuildFile; fileRef = 4227C457204AC7150036EC77 /* ValueAPI.swift */; };
		4227C45A204AEFFA0036EC77 /* LoginController.swift in Sources */ = {isa = PBXBuildFile; fileRef = 4227C459204AEFFA0036EC77 /* LoginController.swift */; };
		4227C45C204B09FE0036EC77 /* UserModelAPI.swift in Sources */ = {isa = PBXBuildFile; fileRef = 4227C45B204B09FE0036EC77 /* UserModelAPI.swift */; };
		4227C45E204B0A090036EC77 /* ErrorCertiWine.swift in Sources */ = {isa = PBXBuildFile; fileRef = 4227C45D204B0A090036EC77 /* ErrorCertiWine.swift */; };
		4227C460204B0A130036EC77 /* StationModelAPI.swift in Sources */ = {isa = PBXBuildFile; fileRef = 4227C45F204B0A130036EC77 /* StationModelAPI.swift */; };
		4227C462204B0A1D0036EC77 /* SensorModelAPI.swift in Sources */ = {isa = PBXBuildFile; fileRef = 4227C461204B0A1D0036EC77 /* SensorModelAPI.swift */; };
		4227C464204B0A2E0036EC77 /* ValueModelAPI.swift in Sources */ = {isa = PBXBuildFile; fileRef = 4227C463204B0A2E0036EC77 /* ValueModelAPI.swift */; };
		4227C466204B141C0036EC77 /* KeychainPasswordItem.swift in Sources */ = {isa = PBXBuildFile; fileRef = 4227C465204B141C0036EC77 /* KeychainPasswordItem.swift */; };
		4227C468204B18CF0036EC77 /* Authentication.swift in Sources */ = {isa = PBXBuildFile; fileRef = 4227C467204B18CF0036EC77 /* Authentication.swift */; };
		424C8DF0204EC4A00077E609 /* StationsTableViewController.swift in Sources */ = {isa = PBXBuildFile; fileRef = 424C8DEF204EC4A00077E609 /* StationsTableViewController.swift */; };
		424C8DF4204EDCF50077E609 /* WineCell.swift in Sources */ = {isa = PBXBuildFile; fileRef = 424C8DF3204EDCF50077E609 /* WineCell.swift */; };
		424C8DF6204EE0340077E609 /* WinesTableViewController.swift in Sources */ = {isa = PBXBuildFile; fileRef = 424C8DF5204EE0340077E609 /* WinesTableViewController.swift */; };
		424C8DFA204F035B0077E609 /* StationController.swift in Sources */ = {isa = PBXBuildFile; fileRef = 424C8DF9204F035B0077E609 /* StationController.swift */; };
		424C8DFE204F0BF50077E609 /* WineDetailViewContoller.swift in Sources */ = {isa = PBXBuildFile; fileRef = 424C8DFD204F0BF50077E609 /* WineDetailViewContoller.swift */; };
		424F2AA0204BF028008FDE30 /* Media.xcassets in Resources */ = {isa = PBXBuildFile; fileRef = 424F2A89204BF028008FDE30 /* Media.xcassets */; };
		424F2AA1204BF028008FDE30 /* Montserrat-Light.otf in Resources */ = {isa = PBXBuildFile; fileRef = 424F2A8A204BF028008FDE30 /* Montserrat-Light.otf */; };
		424F2AA2204BF028008FDE30 /* PasswordViewController.xib in Resources */ = {isa = PBXBuildFile; fileRef = 424F2A8B204BF028008FDE30 /* PasswordViewController.xib */; };
		424F2AA3204BF028008FDE30 /* LoginViewController.xib in Resources */ = {isa = PBXBuildFile; fileRef = 424F2A8C204BF028008FDE30 /* LoginViewController.xib */; };
		424F2AA4204BF028008FDE30 /* InitialViewController.xib in Resources */ = {isa = PBXBuildFile; fileRef = 424F2A8D204BF028008FDE30 /* InitialViewController.xib */; };
		424F2AA5204BF028008FDE30 /* Montserrat-Regular.ttf in Resources */ = {isa = PBXBuildFile; fileRef = 424F2A8E204BF028008FDE30 /* Montserrat-Regular.ttf */; };
		424F2AA6204BF028008FDE30 /* SignupViewController.xib in Resources */ = {isa = PBXBuildFile; fileRef = 424F2A8F204BF028008FDE30 /* SignupViewController.xib */; };
		424F2AA8204C0A9A008FDE30 /* API.swift in Sources */ = {isa = PBXBuildFile; fileRef = 424F2AA7204C0A9A008FDE30 /* API.swift */; };
		424F2AAA204C25E3008FDE30 /* LoginControllerAPI.swift in Sources */ = {isa = PBXBuildFile; fileRef = 424F2AA9204C25E3008FDE30 /* LoginControllerAPI.swift */; };
		424F2AAC204C281C008FDE30 /* ControllerAPI.swift in Sources */ = {isa = PBXBuildFile; fileRef = 424F2AAB204C281C008FDE30 /* ControllerAPI.swift */; };
		424F2AAE204C46C5008FDE30 /* UserControllerAPI.swift in Sources */ = {isa = PBXBuildFile; fileRef = 424F2AAD204C46C5008FDE30 /* UserControllerAPI.swift */; };
		424F2AB0204C84AC008FDE30 /* Font.swift in Sources */ = {isa = PBXBuildFile; fileRef = 424F2AAF204C84AC008FDE30 /* Font.swift */; };
		427114E2204E1B86007E6814 /* StationCell.swift in Sources */ = {isa = PBXBuildFile; fileRef = 427114E1204E1B86007E6814 /* StationCell.swift */; };
		427C741B204F38390065752E /* WineAPI.swift in Sources */ = {isa = PBXBuildFile; fileRef = 427C741A204F38390065752E /* WineAPI.swift */; };
		427C741D204F3CDA0065752E /* WineControllerAPI.swift in Sources */ = {isa = PBXBuildFile; fileRef = 427C741C204F3CDA0065752E /* WineControllerAPI.swift */; };
		427C741F204F3FB00065752E /* WineModelAPI.swift in Sources */ = {isa = PBXBuildFile; fileRef = 427C741E204F3FB00065752E /* WineModelAPI.swift */; };
		427C7421204F41ED0065752E /* Wine.swift in Sources */ = {isa = PBXBuildFile; fileRef = 427C7420204F41ED0065752E /* Wine.swift */; };
		427C7423204F4FC20065752E /* WineController.swift in Sources */ = {isa = PBXBuildFile; fileRef = 427C7422204F4FC20065752E /* WineController.swift */; };
		427C7425204F4FE20065752E /* WineAddViewController.swift in Sources */ = {isa = PBXBuildFile; fileRef = 427C7424204F4FE20065752E /* WineAddViewController.swift */; };
		427C7428205145810065752E /* ManagerController.swift in Sources */ = {isa = PBXBuildFile; fileRef = 427C7427205145810065752E /* ManagerController.swift */; };
		427C742A2051458B0065752E /* SharedController.swift in Sources */ = {isa = PBXBuildFile; fileRef = 427C74292051458B0065752E /* SharedController.swift */; };
		427C742C205169CF0065752E /* UserController.swift in Sources */ = {isa = PBXBuildFile; fileRef = 427C742B205169CF0065752E /* UserController.swift */; };
		427C742E20516FBC0065752E /* SensorController.swift in Sources */ = {isa = PBXBuildFile; fileRef = 427C742D20516FBC0065752E /* SensorController.swift */; };
		427C7430205172AC0065752E /* StationController.swift in Sources */ = {isa = PBXBuildFile; fileRef = 427C742F205172AC0065752E /* StationController.swift */; };
		42BFC815204C8BEF008BF9B1 /* PageContainer.swift in Sources */ = {isa = PBXBuildFile; fileRef = 42BFC803204C8BEF008BF9B1 /* PageContainer.swift */; };
		42BFC816204C8BEF008BF9B1 /* PageViewItem.swift in Sources */ = {isa = PBXBuildFile; fileRef = 42BFC805204C8BEF008BF9B1 /* PageViewItem.swift */; };
		42BFC817204C8BEF008BF9B1 /* PageView.swift in Sources */ = {isa = PBXBuildFile; fileRef = 42BFC806204C8BEF008BF9B1 /* PageView.swift */; };
		42BFC818204C8BEF008BF9B1 /* OnboardingContentView.swift in Sources */ = {isa = PBXBuildFile; fileRef = 42BFC808204C8BEF008BF9B1 /* OnboardingContentView.swift */; };
		42BFC819204C8BEF008BF9B1 /* OnboardingContantViewItem.swift in Sources */ = {isa = PBXBuildFile; fileRef = 42BFC80A204C8BEF008BF9B1 /* OnboardingContantViewItem.swift */; };
		42BFC81A204C8BEF008BF9B1 /* PaperOnboardingDelegate.swift in Sources */ = {isa = PBXBuildFile; fileRef = 42BFC80B204C8BEF008BF9B1 /* PaperOnboardingDelegate.swift */; };
		42BFC81B204C8BEF008BF9B1 /* FillAnimationView.swift in Sources */ = {isa = PBXBuildFile; fileRef = 42BFC80D204C8BEF008BF9B1 /* FillAnimationView.swift */; };
		42BFC81C204C8BEF008BF9B1 /* PaperOnboardingDataSource.swift in Sources */ = {isa = PBXBuildFile; fileRef = 42BFC80E204C8BEF008BF9B1 /* PaperOnboardingDataSource.swift */; };
		42BFC81D204C8BEF008BF9B1 /* GestureControl.swift in Sources */ = {isa = PBXBuildFile; fileRef = 42BFC810204C8BEF008BF9B1 /* GestureControl.swift */; };
		42BFC81E204C8BEF008BF9B1 /* PaperOnboarding.swift in Sources */ = {isa = PBXBuildFile; fileRef = 42BFC811204C8BEF008BF9B1 /* PaperOnboarding.swift */; };
		42BFC81F204C8BEF008BF9B1 /* ConstraintsHelper.swift in Sources */ = {isa = PBXBuildFile; fileRef = 42BFC813204C8BEF008BF9B1 /* ConstraintsHelper.swift */; };
		42D418A1204DA101009F2807 /* Station.swift in Sources */ = {isa = PBXBuildFile; fileRef = 42D418A0204DA101009F2807 /* Station.swift */; };
		42D418A3204DA1B5009F2807 /* Sensor.swift in Sources */ = {isa = PBXBuildFile; fileRef = 42D418A2204DA1B5009F2807 /* Sensor.swift */; };
		42D418A5204DA1C4009F2807 /* Value.swift in Sources */ = {isa = PBXBuildFile; fileRef = 42D418A4204DA1C4009F2807 /* Value.swift */; };
		42D418A8204DA372009F2807 /* Settings.swift in Sources */ = {isa = PBXBuildFile; fileRef = 42D418A7204DA372009F2807 /* Settings.swift */; };
		42D418AA204DC679009F2807 /* Config.swift in Sources */ = {isa = PBXBuildFile; fileRef = 42D418A9204DC679009F2807 /* Config.swift */; };
		42DE765E204CB90F00684584 /* MenuViewController.swift in Sources */ = {isa = PBXBuildFile; fileRef = 42DE765D204CB90F00684584 /* MenuViewController.swift */; };
		42DE7660204D480B00684584 /* ProfileViewController.swift in Sources */ = {isa = PBXBuildFile; fileRef = 42DE765F204D480B00684584 /* ProfileViewController.swift */; };
		42DE7662204D9B0D00684584 /* User.swift in Sources */ = {isa = PBXBuildFile; fileRef = 42DE7661204D9B0D00684584 /* User.swift */; };
		431B601B528E918029AC9BAC /* Pods_CertiWineTests.framework in Frameworks */ = {isa = PBXBuildFile; fileRef = 4E9359238305233B05134070 /* Pods_CertiWineTests.framework */; };
		DFF4B5C1CD12F3C4DCA884E6 /* Pods_CertiWine.framework in Frameworks */ = {isa = PBXBuildFile; fileRef = 93869E715A841712808D042C /* Pods_CertiWine.framework */; };
/* End PBXBuildFile section */

/* Begin PBXContainerItemProxy section */
		420346A4204A9C6F00CE2D56 /* PBXContainerItemProxy */ = {
			isa = PBXContainerItemProxy;
			containerPortal = 42034687204A9C6F00CE2D56 /* Project object */;
			proxyType = 1;
			remoteGlobalIDString = 4203468E204A9C6F00CE2D56;
			remoteInfo = CertiWine;
		};
/* End PBXContainerItemProxy section */

/* Begin PBXFileReference section */
		4203468F204A9C6F00CE2D56 /* CertiWine.app */ = {isa = PBXFileReference; explicitFileType = wrapper.application; includeInIndex = 0; path = CertiWine.app; sourceTree = BUILT_PRODUCTS_DIR; };
		42034692204A9C6F00CE2D56 /* AppDelegate.swift */ = {isa = PBXFileReference; lastKnownFileType = sourcecode.swift; path = AppDelegate.swift; sourceTree = "<group>"; };
		42034694204A9C6F00CE2D56 /* LoginTutorialViewController.swift */ = {isa = PBXFileReference; lastKnownFileType = sourcecode.swift; path = LoginTutorialViewController.swift; sourceTree = "<group>"; };
		42034697204A9C6F00CE2D56 /* Base */ = {isa = PBXFileReference; lastKnownFileType = file.storyboard; name = Base; path = Base.lproj/Main.storyboard; sourceTree = "<group>"; };
		42034699204A9C6F00CE2D56 /* Assets.xcassets */ = {isa = PBXFileReference; lastKnownFileType = folder.assetcatalog; path = Assets.xcassets; sourceTree = "<group>"; };
		4203469C204A9C6F00CE2D56 /* Base */ = {isa = PBXFileReference; lastKnownFileType = file.storyboard; name = Base; path = Base.lproj/LaunchScreen.storyboard; sourceTree = "<group>"; };
		4203469E204A9C6F00CE2D56 /* Info.plist */ = {isa = PBXFileReference; lastKnownFileType = text.plist.xml; path = Info.plist; sourceTree = "<group>"; };
		420346A3204A9C6F00CE2D56 /* CertiWineTests.xctest */ = {isa = PBXFileReference; explicitFileType = wrapper.cfbundle; includeInIndex = 0; path = CertiWineTests.xctest; sourceTree = BUILT_PRODUCTS_DIR; };
		420346A7204A9C6F00CE2D56 /* CertiWineTests.swift */ = {isa = PBXFileReference; lastKnownFileType = sourcecode.swift; path = CertiWineTests.swift; sourceTree = "<group>"; };
		420346A9204A9C6F00CE2D56 /* Info.plist */ = {isa = PBXFileReference; lastKnownFileType = text.plist.xml; path = Info.plist; sourceTree = "<group>"; };
		420346B7204AAAC300CE2D56 /* it */ = {isa = PBXFileReference; lastKnownFileType = text.plist.strings; name = it; path = it.lproj/Main.strings; sourceTree = "<group>"; };
		420346B8204AAAC300CE2D56 /* it */ = {isa = PBXFileReference; lastKnownFileType = text.plist.strings; name = it; path = it.lproj/LaunchScreen.strings; sourceTree = "<group>"; };
		420346BA204AABD100CE2D56 /* en */ = {isa = PBXFileReference; lastKnownFileType = text.plist.strings; name = en; path = en.lproj/Main.strings; sourceTree = "<group>"; };
		420346BB204AACD400CE2D56 /* Constants.swift */ = {isa = PBXFileReference; lastKnownFileType = sourcecode.swift; path = Constants.swift; sourceTree = "<group>"; };
		4227C446204AB92F0036EC77 /* UserAPI.swift */ = {isa = PBXFileReference; lastKnownFileType = sourcecode.swift; path = UserAPI.swift; sourceTree = "<group>"; };
		4227C448204ABAE70036EC77 /* Extentions.swift */ = {isa = PBXFileReference; lastKnownFileType = sourcecode.swift; path = Extentions.swift; sourceTree = "<group>"; };
		4227C44B204AC6480036EC77 /* CircleMenu.swift */ = {isa = PBXFileReference; fileEncoding = 4; lastKnownFileType = sourcecode.swift; path = CircleMenu.swift; sourceTree = "<group>"; };
		4227C44D204AC6480036EC77 /* CircleMenuLoader.swift */ = {isa = PBXFileReference; fileEncoding = 4; lastKnownFileType = sourcecode.swift; path = CircleMenuLoader.swift; sourceTree = "<group>"; };
		4227C44F204AC6480036EC77 /* CircleMenuButton.swift */ = {isa = PBXFileReference; fileEncoding = 4; lastKnownFileType = sourcecode.swift; path = CircleMenuButton.swift; sourceTree = "<group>"; };
		4227C453204AC6F20036EC77 /* StationAPI.swift */ = {isa = PBXFileReference; lastKnownFileType = sourcecode.swift; path = StationAPI.swift; sourceTree = "<group>"; };
		4227C455204AC6FF0036EC77 /* SensorAPI.swift */ = {isa = PBXFileReference; lastKnownFileType = sourcecode.swift; path = SensorAPI.swift; sourceTree = "<group>"; };
		4227C457204AC7150036EC77 /* ValueAPI.swift */ = {isa = PBXFileReference; lastKnownFileType = sourcecode.swift; path = ValueAPI.swift; sourceTree = "<group>"; };
		4227C459204AEFFA0036EC77 /* LoginController.swift */ = {isa = PBXFileReference; lastKnownFileType = sourcecode.swift; path = LoginController.swift; sourceTree = "<group>"; };
		4227C45B204B09FE0036EC77 /* UserModelAPI.swift */ = {isa = PBXFileReference; lastKnownFileType = sourcecode.swift; path = UserModelAPI.swift; sourceTree = "<group>"; };
		4227C45D204B0A090036EC77 /* ErrorCertiWine.swift */ = {isa = PBXFileReference; lastKnownFileType = sourcecode.swift; path = ErrorCertiWine.swift; sourceTree = "<group>"; };
		4227C45F204B0A130036EC77 /* StationModelAPI.swift */ = {isa = PBXFileReference; lastKnownFileType = sourcecode.swift; path = StationModelAPI.swift; sourceTree = "<group>"; };
		4227C461204B0A1D0036EC77 /* SensorModelAPI.swift */ = {isa = PBXFileReference; lastKnownFileType = sourcecode.swift; path = SensorModelAPI.swift; sourceTree = "<group>"; };
		4227C463204B0A2E0036EC77 /* ValueModelAPI.swift */ = {isa = PBXFileReference; lastKnownFileType = sourcecode.swift; path = ValueModelAPI.swift; sourceTree = "<group>"; };
		4227C465204B141C0036EC77 /* KeychainPasswordItem.swift */ = {isa = PBXFileReference; fileEncoding = 4; lastKnownFileType = sourcecode.swift; path = KeychainPasswordItem.swift; sourceTree = "<group>"; };
		4227C467204B18CF0036EC77 /* Authentication.swift */ = {isa = PBXFileReference; lastKnownFileType = sourcecode.swift; path = Authentication.swift; sourceTree = "<group>"; };
		424C8DEF204EC4A00077E609 /* StationsTableViewController.swift */ = {isa = PBXFileReference; lastKnownFileType = sourcecode.swift; path = StationsTableViewController.swift; sourceTree = "<group>"; };
		424C8DF3204EDCF50077E609 /* WineCell.swift */ = {isa = PBXFileReference; lastKnownFileType = sourcecode.swift; path = WineCell.swift; sourceTree = "<group>"; };
		424C8DF5204EE0340077E609 /* WinesTableViewController.swift */ = {isa = PBXFileReference; lastKnownFileType = sourcecode.swift; path = WinesTableViewController.swift; sourceTree = "<group>"; };
		424C8DF9204F035B0077E609 /* StationController.swift */ = {isa = PBXFileReference; lastKnownFileType = sourcecode.swift; path = StationController.swift; sourceTree = "<group>"; };
		424C8DFD204F0BF50077E609 /* WineDetailViewContoller.swift */ = {isa = PBXFileReference; lastKnownFileType = sourcecode.swift; path = WineDetailViewContoller.swift; sourceTree = "<group>"; };
		424F2A89204BF028008FDE30 /* Media.xcassets */ = {isa = PBXFileReference; lastKnownFileType = folder.assetcatalog; path = Media.xcassets; sourceTree = "<group>"; };
		424F2A8A204BF028008FDE30 /* Montserrat-Light.otf */ = {isa = PBXFileReference; lastKnownFileType = file; path = "Montserrat-Light.otf"; sourceTree = "<group>"; };
		424F2A8B204BF028008FDE30 /* PasswordViewController.xib */ = {isa = PBXFileReference; fileEncoding = 4; lastKnownFileType = file.xib; path = PasswordViewController.xib; sourceTree = "<group>"; };
		424F2A8C204BF028008FDE30 /* LoginViewController.xib */ = {isa = PBXFileReference; fileEncoding = 4; lastKnownFileType = file.xib; path = LoginViewController.xib; sourceTree = "<group>"; };
		424F2A8D204BF028008FDE30 /* InitialViewController.xib */ = {isa = PBXFileReference; fileEncoding = 4; lastKnownFileType = file.xib; path = InitialViewController.xib; sourceTree = "<group>"; };
		424F2A8E204BF028008FDE30 /* Montserrat-Regular.ttf */ = {isa = PBXFileReference; lastKnownFileType = file; path = "Montserrat-Regular.ttf"; sourceTree = "<group>"; };
		424F2A8F204BF028008FDE30 /* SignupViewController.xib */ = {isa = PBXFileReference; fileEncoding = 4; lastKnownFileType = file.xib; path = SignupViewController.xib; sourceTree = "<group>"; };
		424F2AA7204C0A9A008FDE30 /* API.swift */ = {isa = PBXFileReference; lastKnownFileType = sourcecode.swift; path = API.swift; sourceTree = "<group>"; };
		424F2AA9204C25E3008FDE30 /* LoginControllerAPI.swift */ = {isa = PBXFileReference; lastKnownFileType = sourcecode.swift; path = LoginControllerAPI.swift; sourceTree = "<group>"; };
		424F2AAB204C281C008FDE30 /* ControllerAPI.swift */ = {isa = PBXFileReference; lastKnownFileType = sourcecode.swift; path = ControllerAPI.swift; sourceTree = "<group>"; };
		424F2AAD204C46C5008FDE30 /* UserControllerAPI.swift */ = {isa = PBXFileReference; lastKnownFileType = sourcecode.swift; path = UserControllerAPI.swift; sourceTree = "<group>"; };
		424F2AAF204C84AC008FDE30 /* Font.swift */ = {isa = PBXFileReference; lastKnownFileType = sourcecode.swift; path = Font.swift; sourceTree = "<group>"; };
		427114E1204E1B86007E6814 /* StationCell.swift */ = {isa = PBXFileReference; lastKnownFileType = sourcecode.swift; path = StationCell.swift; sourceTree = "<group>"; };
		427C741A204F38390065752E /* WineAPI.swift */ = {isa = PBXFileReference; lastKnownFileType = sourcecode.swift; path = WineAPI.swift; sourceTree = "<group>"; };
		427C741C204F3CDA0065752E /* WineControllerAPI.swift */ = {isa = PBXFileReference; lastKnownFileType = sourcecode.swift; path = WineControllerAPI.swift; sourceTree = "<group>"; };
		427C741E204F3FB00065752E /* WineModelAPI.swift */ = {isa = PBXFileReference; lastKnownFileType = sourcecode.swift; path = WineModelAPI.swift; sourceTree = "<group>"; };
		427C7420204F41ED0065752E /* Wine.swift */ = {isa = PBXFileReference; lastKnownFileType = sourcecode.swift; path = Wine.swift; sourceTree = "<group>"; };
		427C7422204F4FC20065752E /* WineController.swift */ = {isa = PBXFileReference; lastKnownFileType = sourcecode.swift; path = WineController.swift; sourceTree = "<group>"; };
		427C7424204F4FE20065752E /* WineAddViewController.swift */ = {isa = PBXFileReference; lastKnownFileType = sourcecode.swift; path = WineAddViewController.swift; sourceTree = "<group>"; };
		427C7427205145810065752E /* ManagerController.swift */ = {isa = PBXFileReference; lastKnownFileType = sourcecode.swift; path = ManagerController.swift; sourceTree = "<group>"; };
		427C74292051458B0065752E /* SharedController.swift */ = {isa = PBXFileReference; lastKnownFileType = sourcecode.swift; path = SharedController.swift; sourceTree = "<group>"; };
		427C742B205169CF0065752E /* UserController.swift */ = {isa = PBXFileReference; lastKnownFileType = sourcecode.swift; path = UserController.swift; sourceTree = "<group>"; };
		427C742D20516FBC0065752E /* SensorController.swift */ = {isa = PBXFileReference; lastKnownFileType = sourcecode.swift; path = SensorController.swift; sourceTree = "<group>"; };
		427C742F205172AC0065752E /* StationController.swift */ = {isa = PBXFileReference; lastKnownFileType = sourcecode.swift; path = StationController.swift; sourceTree = "<group>"; };
		42BFC803204C8BEF008BF9B1 /* PageContainer.swift */ = {isa = PBXFileReference; fileEncoding = 4; lastKnownFileType = sourcecode.swift; path = PageContainer.swift; sourceTree = "<group>"; };
		42BFC805204C8BEF008BF9B1 /* PageViewItem.swift */ = {isa = PBXFileReference; fileEncoding = 4; lastKnownFileType = sourcecode.swift; path = PageViewItem.swift; sourceTree = "<group>"; };
		42BFC806204C8BEF008BF9B1 /* PageView.swift */ = {isa = PBXFileReference; fileEncoding = 4; lastKnownFileType = sourcecode.swift; path = PageView.swift; sourceTree = "<group>"; };
		42BFC808204C8BEF008BF9B1 /* OnboardingContentView.swift */ = {isa = PBXFileReference; fileEncoding = 4; lastKnownFileType = sourcecode.swift; path = OnboardingContentView.swift; sourceTree = "<group>"; };
		42BFC80A204C8BEF008BF9B1 /* OnboardingContantViewItem.swift */ = {isa = PBXFileReference; fileEncoding = 4; lastKnownFileType = sourcecode.swift; path = OnboardingContantViewItem.swift; sourceTree = "<group>"; };
		42BFC80B204C8BEF008BF9B1 /* PaperOnboardingDelegate.swift */ = {isa = PBXFileReference; fileEncoding = 4; lastKnownFileType = sourcecode.swift; path = PaperOnboardingDelegate.swift; sourceTree = "<group>"; };
		42BFC80D204C8BEF008BF9B1 /* FillAnimationView.swift */ = {isa = PBXFileReference; fileEncoding = 4; lastKnownFileType = sourcecode.swift; path = FillAnimationView.swift; sourceTree = "<group>"; };
		42BFC80E204C8BEF008BF9B1 /* PaperOnboardingDataSource.swift */ = {isa = PBXFileReference; fileEncoding = 4; lastKnownFileType = sourcecode.swift; path = PaperOnboardingDataSource.swift; sourceTree = "<group>"; };
		42BFC810204C8BEF008BF9B1 /* GestureControl.swift */ = {isa = PBXFileReference; fileEncoding = 4; lastKnownFileType = sourcecode.swift; path = GestureControl.swift; sourceTree = "<group>"; };
		42BFC811204C8BEF008BF9B1 /* PaperOnboarding.swift */ = {isa = PBXFileReference; fileEncoding = 4; lastKnownFileType = sourcecode.swift; path = PaperOnboarding.swift; sourceTree = "<group>"; };
		42BFC813204C8BEF008BF9B1 /* ConstraintsHelper.swift */ = {isa = PBXFileReference; fileEncoding = 4; lastKnownFileType = sourcecode.swift; path = ConstraintsHelper.swift; sourceTree = "<group>"; };
		42D418A0204DA101009F2807 /* Station.swift */ = {isa = PBXFileReference; lastKnownFileType = sourcecode.swift; path = Station.swift; sourceTree = "<group>"; };
		42D418A2204DA1B5009F2807 /* Sensor.swift */ = {isa = PBXFileReference; lastKnownFileType = sourcecode.swift; path = Sensor.swift; sourceTree = "<group>"; };
		42D418A4204DA1C4009F2807 /* Value.swift */ = {isa = PBXFileReference; lastKnownFileType = sourcecode.swift; path = Value.swift; sourceTree = "<group>"; };
		42D418A7204DA372009F2807 /* Settings.swift */ = {isa = PBXFileReference; lastKnownFileType = sourcecode.swift; path = Settings.swift; sourceTree = "<group>"; };
		42D418A9204DC679009F2807 /* Config.swift */ = {isa = PBXFileReference; lastKnownFileType = sourcecode.swift; path = Config.swift; sourceTree = "<group>"; };
		42DE765D204CB90F00684584 /* MenuViewController.swift */ = {isa = PBXFileReference; lastKnownFileType = sourcecode.swift; path = MenuViewController.swift; sourceTree = "<group>"; };
		42DE765F204D480B00684584 /* ProfileViewController.swift */ = {isa = PBXFileReference; lastKnownFileType = sourcecode.swift; path = ProfileViewController.swift; sourceTree = "<group>"; };
		42DE7661204D9B0D00684584 /* User.swift */ = {isa = PBXFileReference; lastKnownFileType = sourcecode.swift; path = User.swift; sourceTree = "<group>"; };
		49EF67712C29174D7DBFA5CB /* Pods-CertiWineTests.release.xcconfig */ = {isa = PBXFileReference; includeInIndex = 1; lastKnownFileType = text.xcconfig; name = "Pods-CertiWineTests.release.xcconfig"; path = "Pods/Target Support Files/Pods-CertiWineTests/Pods-CertiWineTests.release.xcconfig"; sourceTree = "<group>"; };
		4E9359238305233B05134070 /* Pods_CertiWineTests.framework */ = {isa = PBXFileReference; explicitFileType = wrapper.framework; includeInIndex = 0; path = Pods_CertiWineTests.framework; sourceTree = BUILT_PRODUCTS_DIR; };
		83A7A20D21EF3DE1B696F399 /* Pods-CertiWineTests.debug.xcconfig */ = {isa = PBXFileReference; includeInIndex = 1; lastKnownFileType = text.xcconfig; name = "Pods-CertiWineTests.debug.xcconfig"; path = "Pods/Target Support Files/Pods-CertiWineTests/Pods-CertiWineTests.debug.xcconfig"; sourceTree = "<group>"; };
		93869E715A841712808D042C /* Pods_CertiWine.framework */ = {isa = PBXFileReference; explicitFileType = wrapper.framework; includeInIndex = 0; path = Pods_CertiWine.framework; sourceTree = BUILT_PRODUCTS_DIR; };
		C479593ED983DB6A3CEF760E /* Pods-CertiWine.release.xcconfig */ = {isa = PBXFileReference; includeInIndex = 1; lastKnownFileType = text.xcconfig; name = "Pods-CertiWine.release.xcconfig"; path = "Pods/Target Support Files/Pods-CertiWine/Pods-CertiWine.release.xcconfig"; sourceTree = "<group>"; };
		D2CADD1715B6B87D4FE14E0B /* Pods-CertiWine.debug.xcconfig */ = {isa = PBXFileReference; includeInIndex = 1; lastKnownFileType = text.xcconfig; name = "Pods-CertiWine.debug.xcconfig"; path = "Pods/Target Support Files/Pods-CertiWine/Pods-CertiWine.debug.xcconfig"; sourceTree = "<group>"; };
/* End PBXFileReference section */

/* Begin PBXFrameworksBuildPhase section */
		4203468C204A9C6F00CE2D56 /* Frameworks */ = {
			isa = PBXFrameworksBuildPhase;
			buildActionMask = 2147483647;
			files = (
				DFF4B5C1CD12F3C4DCA884E6 /* Pods_CertiWine.framework in Frameworks */,
			);
			runOnlyForDeploymentPostprocessing = 0;
		};
		420346A0204A9C6F00CE2D56 /* Frameworks */ = {
			isa = PBXFrameworksBuildPhase;
			buildActionMask = 2147483647;
			files = (
				431B601B528E918029AC9BAC /* Pods_CertiWineTests.framework in Frameworks */,
			);
			runOnlyForDeploymentPostprocessing = 0;
		};
/* End PBXFrameworksBuildPhase section */

/* Begin PBXGroup section */
		42034686204A9C6F00CE2D56 = {
			isa = PBXGroup;
			children = (
				42034691204A9C6F00CE2D56 /* CertiWine */,
				420346A6204A9C6F00CE2D56 /* CertiWineTests */,
				42034690204A9C6F00CE2D56 /* Products */,
				B932C4EEE0BD48921E496455 /* Pods */,
				77805BA6FB8DF071565EF256 /* Frameworks */,
			);
			sourceTree = "<group>";
		};
		42034690204A9C6F00CE2D56 /* Products */ = {
			isa = PBXGroup;
			children = (
				4203468F204A9C6F00CE2D56 /* CertiWine.app */,
				420346A3204A9C6F00CE2D56 /* CertiWineTests.xctest */,
			);
			name = Products;
			sourceTree = "<group>";
		};
		42034691204A9C6F00CE2D56 /* CertiWine */ = {
			isa = PBXGroup;
			children = (
				424F2A88204BF028008FDE30 /* Assets */,
				420346B6204AA94A00CE2D56 /* Stores */,
				420346B5204AA94200CE2D56 /* Helpers */,
				420346B4204AA93700CE2D56 /* Controllers */,
				420346B3204AA92C00CE2D56 /* Views */,
				420346B2204AA92200CE2D56 /* Models */,
				42034692204A9C6F00CE2D56 /* AppDelegate.swift */,
				42034699204A9C6F00CE2D56 /* Assets.xcassets */,
				4203469E204A9C6F00CE2D56 /* Info.plist */,
				42D418A9204DC679009F2807 /* Config.swift */,
			);
			path = CertiWine;
			sourceTree = "<group>";
		};
		420346A6204A9C6F00CE2D56 /* CertiWineTests */ = {
			isa = PBXGroup;
			children = (
				420346A7204A9C6F00CE2D56 /* CertiWineTests.swift */,
				420346A9204A9C6F00CE2D56 /* Info.plist */,
			);
			path = CertiWineTests;
			sourceTree = "<group>";
		};
		420346B2204AA92200CE2D56 /* Models */ = {
			isa = PBXGroup;
			children = (
				42DE7661204D9B0D00684584 /* User.swift */,
				42D418A0204DA101009F2807 /* Station.swift */,
				42D418A2204DA1B5009F2807 /* Sensor.swift */,
				42D418A4204DA1C4009F2807 /* Value.swift */,
				42D418A7204DA372009F2807 /* Settings.swift */,
				427C7420204F41ED0065752E /* Wine.swift */,
			);
			path = Models;
			sourceTree = "<group>";
		};
		420346B3204AA92C00CE2D56 /* Views */ = {
			isa = PBXGroup;
			children = (
				427114E0204E1B63007E6814 /* Compontents */,
				427114DF204E1B4C007E6814 /* ViewControllers */,
				42034696204A9C6F00CE2D56 /* Main.storyboard */,
				4203469B204A9C6F00CE2D56 /* LaunchScreen.storyboard */,
			);
			path = Views;
			sourceTree = "<group>";
		};
		420346B4204AA93700CE2D56 /* Controllers */ = {
			isa = PBXGroup;
			children = (
				427C74292051458B0065752E /* SharedController.swift */,
				427C7427205145810065752E /* ManagerController.swift */,
				4227C459204AEFFA0036EC77 /* LoginController.swift */,
				427C7422204F4FC20065752E /* WineController.swift */,
				427C742B205169CF0065752E /* UserController.swift */,
				427C742D20516FBC0065752E /* SensorController.swift */,
				427C742F205172AC0065752E /* StationController.swift */,
			);
			path = Controllers;
			sourceTree = "<group>";
		};
		420346B5204AA94200CE2D56 /* Helpers */ = {
			isa = PBXGroup;
			children = (
				42BFC800204C8BEF008BF9B1 /* PaperOnBoarding */,
				4227C43D204AB44D0036EC77 /* API */,
				4227C465204B141C0036EC77 /* KeychainPasswordItem.swift */,
				4227C44A204AC6480036EC77 /* CircularMenu */,
				420346BB204AACD400CE2D56 /* Constants.swift */,
				4227C448204ABAE70036EC77 /* Extentions.swift */,
				424F2AAF204C84AC008FDE30 /* Font.swift */,
			);
			path = Helpers;
			sourceTree = "<group>";
		};
		420346B6204AA94A00CE2D56 /* Stores */ = {
			isa = PBXGroup;
			children = (
			);
			path = Stores;
			sourceTree = "<group>";
		};
		4227C43D204AB44D0036EC77 /* API */ = {
			isa = PBXGroup;
			children = (
				424F2A73204BEFA7008FDE30 /* Controller */,
				424F2A72204BEF36008FDE30 /* Endpoint */,
				424F2A71204BEECA008FDE30 /* Models */,
				424F2AA7204C0A9A008FDE30 /* API.swift */,
			);
			path = API;
			sourceTree = "<group>";
		};
		4227C44A204AC6480036EC77 /* CircularMenu */ = {
			isa = PBXGroup;
			children = (
				4227C44B204AC6480036EC77 /* CircleMenu.swift */,
				4227C44C204AC6480036EC77 /* CircleMenuLoader */,
				4227C44E204AC6480036EC77 /* CircleMenuButton */,
			);
			path = CircularMenu;
			sourceTree = "<group>";
		};
		4227C44C204AC6480036EC77 /* CircleMenuLoader */ = {
			isa = PBXGroup;
			children = (
				4227C44D204AC6480036EC77 /* CircleMenuLoader.swift */,
			);
			path = CircleMenuLoader;
			sourceTree = "<group>";
		};
		4227C44E204AC6480036EC77 /* CircleMenuButton */ = {
			isa = PBXGroup;
			children = (
				4227C44F204AC6480036EC77 /* CircleMenuButton.swift */,
			);
			path = CircleMenuButton;
			sourceTree = "<group>";
		};
		424F2A71204BEECA008FDE30 /* Models */ = {
			isa = PBXGroup;
			children = (
				4227C45B204B09FE0036EC77 /* UserModelAPI.swift */,
				4227C45D204B0A090036EC77 /* ErrorCertiWine.swift */,
				4227C45F204B0A130036EC77 /* StationModelAPI.swift */,
				4227C461204B0A1D0036EC77 /* SensorModelAPI.swift */,
				4227C463204B0A2E0036EC77 /* ValueModelAPI.swift */,
				4227C467204B18CF0036EC77 /* Authentication.swift */,
				427C741E204F3FB00065752E /* WineModelAPI.swift */,
			);
			path = Models;
			sourceTree = "<group>";
		};
		424F2A72204BEF36008FDE30 /* Endpoint */ = {
			isa = PBXGroup;
			children = (
				4227C446204AB92F0036EC77 /* UserAPI.swift */,
				4227C453204AC6F20036EC77 /* StationAPI.swift */,
				4227C455204AC6FF0036EC77 /* SensorAPI.swift */,
				4227C457204AC7150036EC77 /* ValueAPI.swift */,
				427C741A204F38390065752E /* WineAPI.swift */,
			);
			path = Endpoint;
			sourceTree = "<group>";
		};
		424F2A73204BEFA7008FDE30 /* Controller */ = {
			isa = PBXGroup;
			children = (
				424F2AA9204C25E3008FDE30 /* LoginControllerAPI.swift */,
				424F2AAB204C281C008FDE30 /* ControllerAPI.swift */,
				424F2AAD204C46C5008FDE30 /* UserControllerAPI.swift */,
				424C8DF9204F035B0077E609 /* StationController.swift */,
				427C741C204F3CDA0065752E /* WineControllerAPI.swift */,
			);
			path = Controller;
			sourceTree = "<group>";
		};
		424F2A88204BF028008FDE30 /* Assets */ = {
			isa = PBXGroup;
			children = (
				424F2A89204BF028008FDE30 /* Media.xcassets */,
				424F2A8A204BF028008FDE30 /* Montserrat-Light.otf */,
				424F2A8B204BF028008FDE30 /* PasswordViewController.xib */,
				424F2A8C204BF028008FDE30 /* LoginViewController.xib */,
				424F2A8D204BF028008FDE30 /* InitialViewController.xib */,
				424F2A8E204BF028008FDE30 /* Montserrat-Regular.ttf */,
				424F2A8F204BF028008FDE30 /* SignupViewController.xib */,
			);
			path = Assets;
			sourceTree = "<group>";
		};
		427114DF204E1B4C007E6814 /* ViewControllers */ = {
			isa = PBXGroup;
			children = (
				42034694204A9C6F00CE2D56 /* LoginTutorialViewController.swift */,
				42DE765D204CB90F00684584 /* MenuViewController.swift */,
				42DE765F204D480B00684584 /* ProfileViewController.swift */,
				424C8DEF204EC4A00077E609 /* StationsTableViewController.swift */,
				424C8DF5204EE0340077E609 /* WinesTableViewController.swift */,
				424C8DFD204F0BF50077E609 /* WineDetailViewContoller.swift */,
				427C7424204F4FE20065752E /* WineAddViewController.swift */,
			);
			path = ViewControllers;
			sourceTree = "<group>";
		};
		427114E0204E1B63007E6814 /* Compontents */ = {
			isa = PBXGroup;
			children = (
				427114E1204E1B86007E6814 /* StationCell.swift */,
				424C8DF3204EDCF50077E609 /* WineCell.swift */,
			);
			path = Compontents;
			sourceTree = "<group>";
		};
		42BFC800204C8BEF008BF9B1 /* PaperOnBoarding */ = {
			isa = PBXGroup;
			children = (
				42BFC801204C8BEF008BF9B1 /* PageView */,
				42BFC807204C8BEF008BF9B1 /* OnboardingContentView */,
				42BFC80B204C8BEF008BF9B1 /* PaperOnboardingDelegate.swift */,
				42BFC80C204C8BEF008BF9B1 /* FillAnimationView */,
				42BFC80E204C8BEF008BF9B1 /* PaperOnboardingDataSource.swift */,
				42BFC80F204C8BEF008BF9B1 /* GestureControl */,
				42BFC811204C8BEF008BF9B1 /* PaperOnboarding.swift */,
				42BFC812204C8BEF008BF9B1 /* Helpers */,
			);
			path = PaperOnBoarding;
			sourceTree = "<group>";
		};
		42BFC801204C8BEF008BF9B1 /* PageView */ = {
			isa = PBXGroup;
			children = (
				42BFC802204C8BEF008BF9B1 /* PageContainerView */,
				42BFC804204C8BEF008BF9B1 /* Item */,
				42BFC806204C8BEF008BF9B1 /* PageView.swift */,
			);
			path = PageView;
			sourceTree = "<group>";
		};
		42BFC802204C8BEF008BF9B1 /* PageContainerView */ = {
			isa = PBXGroup;
			children = (
				42BFC803204C8BEF008BF9B1 /* PageContainer.swift */,
			);
			path = PageContainerView;
			sourceTree = "<group>";
		};
		42BFC804204C8BEF008BF9B1 /* Item */ = {
			isa = PBXGroup;
			children = (
				42BFC805204C8BEF008BF9B1 /* PageViewItem.swift */,
			);
			path = Item;
			sourceTree = "<group>";
		};
		42BFC807204C8BEF008BF9B1 /* OnboardingContentView */ = {
			isa = PBXGroup;
			children = (
				42BFC808204C8BEF008BF9B1 /* OnboardingContentView.swift */,
				42BFC809204C8BEF008BF9B1 /* Item */,
			);
			path = OnboardingContentView;
			sourceTree = "<group>";
		};
		42BFC809204C8BEF008BF9B1 /* Item */ = {
			isa = PBXGroup;
			children = (
				42BFC80A204C8BEF008BF9B1 /* OnboardingContantViewItem.swift */,
			);
			path = Item;
			sourceTree = "<group>";
		};
		42BFC80C204C8BEF008BF9B1 /* FillAnimationView */ = {
			isa = PBXGroup;
			children = (
				42BFC80D204C8BEF008BF9B1 /* FillAnimationView.swift */,
			);
			path = FillAnimationView;
			sourceTree = "<group>";
		};
		42BFC80F204C8BEF008BF9B1 /* GestureControl */ = {
			isa = PBXGroup;
			children = (
				42BFC810204C8BEF008BF9B1 /* GestureControl.swift */,
			);
			path = GestureControl;
			sourceTree = "<group>";
		};
		42BFC812204C8BEF008BF9B1 /* Helpers */ = {
			isa = PBXGroup;
			children = (
				42BFC813204C8BEF008BF9B1 /* ConstraintsHelper.swift */,
			);
			path = Helpers;
			sourceTree = "<group>";
		};
		77805BA6FB8DF071565EF256 /* Frameworks */ = {
			isa = PBXGroup;
			children = (
				93869E715A841712808D042C /* Pods_CertiWine.framework */,
				4E9359238305233B05134070 /* Pods_CertiWineTests.framework */,
			);
			name = Frameworks;
			sourceTree = "<group>";
		};
		B932C4EEE0BD48921E496455 /* Pods */ = {
			isa = PBXGroup;
			children = (
				D2CADD1715B6B87D4FE14E0B /* Pods-CertiWine.debug.xcconfig */,
				C479593ED983DB6A3CEF760E /* Pods-CertiWine.release.xcconfig */,
				83A7A20D21EF3DE1B696F399 /* Pods-CertiWineTests.debug.xcconfig */,
				49EF67712C29174D7DBFA5CB /* Pods-CertiWineTests.release.xcconfig */,
			);
			name = Pods;
			sourceTree = "<group>";
		};
/* End PBXGroup section */

/* Begin PBXNativeTarget section */
		4203468E204A9C6F00CE2D56 /* CertiWine */ = {
			isa = PBXNativeTarget;
			buildConfigurationList = 420346AC204A9C6F00CE2D56 /* Build configuration list for PBXNativeTarget "CertiWine" */;
			buildPhases = (
				971F126DE29FF021EE708424 /* [CP] Check Pods Manifest.lock */,
				4203468B204A9C6F00CE2D56 /* Sources */,
				4203468C204A9C6F00CE2D56 /* Frameworks */,
				4203468D204A9C6F00CE2D56 /* Resources */,
				4B9211642DBAF57B631394F1 /* [CP] Embed Pods Frameworks */,
				61A0463289C98010E94F2FD9 /* [CP] Copy Pods Resources */,
			);
			buildRules = (
			);
			dependencies = (
			);
			name = CertiWine;
			productName = CertiWine;
			productReference = 4203468F204A9C6F00CE2D56 /* CertiWine.app */;
			productType = "com.apple.product-type.application";
		};
		420346A2204A9C6F00CE2D56 /* CertiWineTests */ = {
			isa = PBXNativeTarget;
			buildConfigurationList = 420346AF204A9C6F00CE2D56 /* Build configuration list for PBXNativeTarget "CertiWineTests" */;
			buildPhases = (
				7BC82617AD8CAAB123465FF5 /* [CP] Check Pods Manifest.lock */,
				4203469F204A9C6F00CE2D56 /* Sources */,
				420346A0204A9C6F00CE2D56 /* Frameworks */,
				420346A1204A9C6F00CE2D56 /* Resources */,
				E23ABE2A7C548E70F16F3AAF /* [CP] Embed Pods Frameworks */,
				45691ADA850EB85524B8694D /* [CP] Copy Pods Resources */,
			);
			buildRules = (
			);
			dependencies = (
				420346A5204A9C6F00CE2D56 /* PBXTargetDependency */,
			);
			name = CertiWineTests;
			productName = CertiWineTests;
			productReference = 420346A3204A9C6F00CE2D56 /* CertiWineTests.xctest */;
			productType = "com.apple.product-type.bundle.unit-test";
		};
/* End PBXNativeTarget section */

/* Begin PBXProject section */
		42034687204A9C6F00CE2D56 /* Project object */ = {
			isa = PBXProject;
			attributes = {
				LastSwiftUpdateCheck = 0920;
				LastUpgradeCheck = 0920;
				ORGANIZATIONNAME = CertiWine;
				TargetAttributes = {
					4203468E204A9C6F00CE2D56 = {
						CreatedOnToolsVersion = 9.2;
						ProvisioningStyle = Automatic;
					};
					420346A2204A9C6F00CE2D56 = {
						CreatedOnToolsVersion = 9.2;
						ProvisioningStyle = Automatic;
						TestTargetID = 4203468E204A9C6F00CE2D56;
					};
				};
			};
			buildConfigurationList = 4203468A204A9C6F00CE2D56 /* Build configuration list for PBXProject "CertiWine" */;
			compatibilityVersion = "Xcode 8.0";
			developmentRegion = en;
			hasScannedForEncodings = 0;
			knownRegions = (
				en,
				Base,
			);
			mainGroup = 42034686204A9C6F00CE2D56;
			productRefGroup = 42034690204A9C6F00CE2D56 /* Products */;
			projectDirPath = "";
			projectRoot = "";
			targets = (
				4203468E204A9C6F00CE2D56 /* CertiWine */,
				420346A2204A9C6F00CE2D56 /* CertiWineTests */,
			);
		};
/* End PBXProject section */

/* Begin PBXResourcesBuildPhase section */
		4203468D204A9C6F00CE2D56 /* Resources */ = {
			isa = PBXResourcesBuildPhase;
			buildActionMask = 2147483647;
			files = (
				424F2AA5204BF028008FDE30 /* Montserrat-Regular.ttf in Resources */,
				424F2AA1204BF028008FDE30 /* Montserrat-Light.otf in Resources */,
				424F2AA2204BF028008FDE30 /* PasswordViewController.xib in Resources */,
				4203469D204A9C6F00CE2D56 /* LaunchScreen.storyboard in Resources */,
				424F2AA4204BF028008FDE30 /* InitialViewController.xib in Resources */,
				4203469A204A9C6F00CE2D56 /* Assets.xcassets in Resources */,
				424F2AA6204BF028008FDE30 /* SignupViewController.xib in Resources */,
				424F2AA0204BF028008FDE30 /* Media.xcassets in Resources */,
				424F2AA3204BF028008FDE30 /* LoginViewController.xib in Resources */,
				42034698204A9C6F00CE2D56 /* Main.storyboard in Resources */,
			);
			runOnlyForDeploymentPostprocessing = 0;
		};
		420346A1204A9C6F00CE2D56 /* Resources */ = {
			isa = PBXResourcesBuildPhase;
			buildActionMask = 2147483647;
			files = (
			);
			runOnlyForDeploymentPostprocessing = 0;
		};
/* End PBXResourcesBuildPhase section */

/* Begin PBXShellScriptBuildPhase section */
		45691ADA850EB85524B8694D /* [CP] Copy Pods Resources */ = {
			isa = PBXShellScriptBuildPhase;
			buildActionMask = 2147483647;
			files = (
			);
			inputPaths = (
			);
			name = "[CP] Copy Pods Resources";
			outputPaths = (
			);
			runOnlyForDeploymentPostprocessing = 0;
			shellPath = /bin/sh;
			shellScript = "\"${SRCROOT}/Pods/Target Support Files/Pods-CertiWineTests/Pods-CertiWineTests-resources.sh\"\n";
			showEnvVarsInLog = 0;
		};
		4B9211642DBAF57B631394F1 /* [CP] Embed Pods Frameworks */ = {
			isa = PBXShellScriptBuildPhase;
			buildActionMask = 2147483647;
			files = (
			);
			inputPaths = (
				"${SRCROOT}/Pods/Target Support Files/Pods-CertiWine/Pods-CertiWine-frameworks.sh",
				"${BUILT_PRODUCTS_DIR}/Alamofire/Alamofire.framework",
				"${BUILT_PRODUCTS_DIR}/Bolts/Bolts.framework",
				"${BUILT_PRODUCTS_DIR}/Charts/Charts.framework",
				"${BUILT_PRODUCTS_DIR}/FBSDKCoreKit/FBSDKCoreKit.framework",
				"${BUILT_PRODUCTS_DIR}/FBSDKLoginKit/FBSDKLoginKit.framework",
				"${BUILT_PRODUCTS_DIR}/FaceAware/FaceAware.framework",
				"${BUILT_PRODUCTS_DIR}/FontAwesomeKit/FontAwesomeKit.framework",
				"${BUILT_PRODUCTS_DIR}/Hue/Hue.framework",
				"${BUILT_PRODUCTS_DIR}/ILLoginKit/ILLoginKit.framework",
				"${BUILT_PRODUCTS_DIR}/Moya/Moya.framework",
				"${BUILT_PRODUCTS_DIR}/Result/Result.framework",
				"${BUILT_PRODUCTS_DIR}/SwiftKeychainWrapper/SwiftKeychainWrapper.framework",
				"${BUILT_PRODUCTS_DIR}/Validator/Validator.framework",
			);
			name = "[CP] Embed Pods Frameworks";
			outputPaths = (
				"${TARGET_BUILD_DIR}/${FRAMEWORKS_FOLDER_PATH}/Alamofire.framework",
				"${TARGET_BUILD_DIR}/${FRAMEWORKS_FOLDER_PATH}/Bolts.framework",
				"${TARGET_BUILD_DIR}/${FRAMEWORKS_FOLDER_PATH}/Charts.framework",
				"${TARGET_BUILD_DIR}/${FRAMEWORKS_FOLDER_PATH}/FBSDKCoreKit.framework",
				"${TARGET_BUILD_DIR}/${FRAMEWORKS_FOLDER_PATH}/FBSDKLoginKit.framework",
				"${TARGET_BUILD_DIR}/${FRAMEWORKS_FOLDER_PATH}/FaceAware.framework",
				"${TARGET_BUILD_DIR}/${FRAMEWORKS_FOLDER_PATH}/FontAwesomeKit.framework",
				"${TARGET_BUILD_DIR}/${FRAMEWORKS_FOLDER_PATH}/Hue.framework",
				"${TARGET_BUILD_DIR}/${FRAMEWORKS_FOLDER_PATH}/ILLoginKit.framework",
				"${TARGET_BUILD_DIR}/${FRAMEWORKS_FOLDER_PATH}/Moya.framework",
				"${TARGET_BUILD_DIR}/${FRAMEWORKS_FOLDER_PATH}/Result.framework",
				"${TARGET_BUILD_DIR}/${FRAMEWORKS_FOLDER_PATH}/SwiftKeychainWrapper.framework",
				"${TARGET_BUILD_DIR}/${FRAMEWORKS_FOLDER_PATH}/Validator.framework",
			);
			runOnlyForDeploymentPostprocessing = 0;
			shellPath = /bin/sh;
			shellScript = "\"${SRCROOT}/Pods/Target Support Files/Pods-CertiWine/Pods-CertiWine-frameworks.sh\"\n";
			showEnvVarsInLog = 0;
		};
		61A0463289C98010E94F2FD9 /* [CP] Copy Pods Resources */ = {
			isa = PBXShellScriptBuildPhase;
			buildActionMask = 2147483647;
			files = (
			);
			inputPaths = (
			);
			name = "[CP] Copy Pods Resources";
			outputPaths = (
			);
			runOnlyForDeploymentPostprocessing = 0;
			shellPath = /bin/sh;
			shellScript = "\"${SRCROOT}/Pods/Target Support Files/Pods-CertiWine/Pods-CertiWine-resources.sh\"\n";
			showEnvVarsInLog = 0;
		};
		7BC82617AD8CAAB123465FF5 /* [CP] Check Pods Manifest.lock */ = {
			isa = PBXShellScriptBuildPhase;
			buildActionMask = 2147483647;
			files = (
			);
			inputPaths = (
				"${PODS_PODFILE_DIR_PATH}/Podfile.lock",
				"${PODS_ROOT}/Manifest.lock",
			);
			name = "[CP] Check Pods Manifest.lock";
			outputPaths = (
				"$(DERIVED_FILE_DIR)/Pods-CertiWineTests-checkManifestLockResult.txt",
			);
			runOnlyForDeploymentPostprocessing = 0;
			shellPath = /bin/sh;
			shellScript = "diff \"${PODS_PODFILE_DIR_PATH}/Podfile.lock\" \"${PODS_ROOT}/Manifest.lock\" > /dev/null\nif [ $? != 0 ] ; then\n    # print error to STDERR\n    echo \"error: The sandbox is not in sync with the Podfile.lock. Run 'pod install' or update your CocoaPods installation.\" >&2\n    exit 1\nfi\n# This output is used by Xcode 'outputs' to avoid re-running this script phase.\necho \"SUCCESS\" > \"${SCRIPT_OUTPUT_FILE_0}\"\n";
			showEnvVarsInLog = 0;
		};
		971F126DE29FF021EE708424 /* [CP] Check Pods Manifest.lock */ = {
			isa = PBXShellScriptBuildPhase;
			buildActionMask = 2147483647;
			files = (
			);
			inputPaths = (
				"${PODS_PODFILE_DIR_PATH}/Podfile.lock",
				"${PODS_ROOT}/Manifest.lock",
			);
			name = "[CP] Check Pods Manifest.lock";
			outputPaths = (
				"$(DERIVED_FILE_DIR)/Pods-CertiWine-checkManifestLockResult.txt",
			);
			runOnlyForDeploymentPostprocessing = 0;
			shellPath = /bin/sh;
			shellScript = "diff \"${PODS_PODFILE_DIR_PATH}/Podfile.lock\" \"${PODS_ROOT}/Manifest.lock\" > /dev/null\nif [ $? != 0 ] ; then\n    # print error to STDERR\n    echo \"error: The sandbox is not in sync with the Podfile.lock. Run 'pod install' or update your CocoaPods installation.\" >&2\n    exit 1\nfi\n# This output is used by Xcode 'outputs' to avoid re-running this script phase.\necho \"SUCCESS\" > \"${SCRIPT_OUTPUT_FILE_0}\"\n";
			showEnvVarsInLog = 0;
		};
		E23ABE2A7C548E70F16F3AAF /* [CP] Embed Pods Frameworks */ = {
			isa = PBXShellScriptBuildPhase;
			buildActionMask = 2147483647;
			files = (
			);
			inputPaths = (
			);
			name = "[CP] Embed Pods Frameworks";
			outputPaths = (
			);
			runOnlyForDeploymentPostprocessing = 0;
			shellPath = /bin/sh;
			shellScript = "\"${SRCROOT}/Pods/Target Support Files/Pods-CertiWineTests/Pods-CertiWineTests-frameworks.sh\"\n";
			showEnvVarsInLog = 0;
		};
/* End PBXShellScriptBuildPhase section */

/* Begin PBXSourcesBuildPhase section */
		4203468B204A9C6F00CE2D56 /* Sources */ = {
			isa = PBXSourcesBuildPhase;
			buildActionMask = 2147483647;
			files = (
				427C742A2051458B0065752E /* SharedController.swift in Sources */,
				42BFC81C204C8BEF008BF9B1 /* PaperOnboardingDataSource.swift in Sources */,
				42D418A3204DA1B5009F2807 /* Sensor.swift in Sources */,
				4227C45C204B09FE0036EC77 /* UserModelAPI.swift in Sources */,
				4227C462204B0A1D0036EC77 /* SensorModelAPI.swift in Sources */,
				4227C460204B0A130036EC77 /* StationModelAPI.swift in Sources */,
				427C7423204F4FC20065752E /* WineController.swift in Sources */,
				42BFC818204C8BEF008BF9B1 /* OnboardingContentView.swift in Sources */,
				424C8DF6204EE0340077E609 /* WinesTableViewController.swift in Sources */,
				42BFC81E204C8BEF008BF9B1 /* PaperOnboarding.swift in Sources */,
				4227C458204AC7150036EC77 /* ValueAPI.swift in Sources */,
				427C742E20516FBC0065752E /* SensorController.swift in Sources */,
				42BFC81F204C8BEF008BF9B1 /* ConstraintsHelper.swift in Sources */,
				427C742C205169CF0065752E /* UserController.swift in Sources */,
				4227C450204AC6480036EC77 /* CircleMenu.swift in Sources */,
				424C8DFE204F0BF50077E609 /* WineDetailViewContoller.swift in Sources */,
				427C7425204F4FE20065752E /* WineAddViewController.swift in Sources */,
				4227C466204B141C0036EC77 /* KeychainPasswordItem.swift in Sources */,
				427C741F204F3FB00065752E /* WineModelAPI.swift in Sources */,
				42D418AA204DC679009F2807 /* Config.swift in Sources */,
				4227C464204B0A2E0036EC77 /* ValueModelAPI.swift in Sources */,
				42D418A5204DA1C4009F2807 /* Value.swift in Sources */,
				42BFC817204C8BEF008BF9B1 /* PageView.swift in Sources */,
				424F2AAE204C46C5008FDE30 /* UserControllerAPI.swift in Sources */,
				4227C447204AB92F0036EC77 /* UserAPI.swift in Sources */,
				42034695204A9C6F00CE2D56 /* LoginTutorialViewController.swift in Sources */,
				42BFC816204C8BEF008BF9B1 /* PageViewItem.swift in Sources */,
				4227C454204AC6F20036EC77 /* StationAPI.swift in Sources */,
				427C7430205172AC0065752E /* StationController.swift in Sources */,
				42BFC81A204C8BEF008BF9B1 /* PaperOnboardingDelegate.swift in Sources */,
				42DE7662204D9B0D00684584 /* User.swift in Sources */,
				4227C456204AC6FF0036EC77 /* SensorAPI.swift in Sources */,
				427C741B204F38390065752E /* WineAPI.swift in Sources */,
				4227C468204B18CF0036EC77 /* Authentication.swift in Sources */,
				4227C45A204AEFFA0036EC77 /* LoginController.swift in Sources */,
				42BFC81D204C8BEF008BF9B1 /* GestureControl.swift in Sources */,
				424C8DFA204F035B0077E609 /* StationController.swift in Sources */,
				427C7428205145810065752E /* ManagerController.swift in Sources */,
				424C8DF0204EC4A00077E609 /* StationsTableViewController.swift in Sources */,
				424C8DF4204EDCF50077E609 /* WineCell.swift in Sources */,
				42034693204A9C6F00CE2D56 /* AppDelegate.swift in Sources */,
				424F2AAA204C25E3008FDE30 /* LoginControllerAPI.swift in Sources */,
				424F2AA8204C0A9A008FDE30 /* API.swift in Sources */,
				42BFC815204C8BEF008BF9B1 /* PageContainer.swift in Sources */,
				424F2AAC204C281C008FDE30 /* ControllerAPI.swift in Sources */,
				4227C452204AC6480036EC77 /* CircleMenuButton.swift in Sources */,
				4227C449204ABAE70036EC77 /* Extentions.swift in Sources */,
				42D418A8204DA372009F2807 /* Settings.swift in Sources */,
				424F2AB0204C84AC008FDE30 /* Font.swift in Sources */,
				42D418A1204DA101009F2807 /* Station.swift in Sources */,
				427C741D204F3CDA0065752E /* WineControllerAPI.swift in Sources */,
				42BFC81B204C8BEF008BF9B1 /* FillAnimationView.swift in Sources */,
				427C7421204F41ED0065752E /* Wine.swift in Sources */,
				42DE765E204CB90F00684584 /* MenuViewController.swift in Sources */,
				427114E2204E1B86007E6814 /* StationCell.swift in Sources */,
				42BFC819204C8BEF008BF9B1 /* OnboardingContantViewItem.swift in Sources */,
				4227C451204AC6480036EC77 /* CircleMenuLoader.swift in Sources */,
				42DE7660204D480B00684584 /* ProfileViewController.swift in Sources */,
				4227C45E204B0A090036EC77 /* ErrorCertiWine.swift in Sources */,
				420346BC204AACD400CE2D56 /* Constants.swift in Sources */,
			);
			runOnlyForDeploymentPostprocessing = 0;
		};
		4203469F204A9C6F00CE2D56 /* Sources */ = {
			isa = PBXSourcesBuildPhase;
			buildActionMask = 2147483647;
			files = (
				420346A8204A9C6F00CE2D56 /* CertiWineTests.swift in Sources */,
			);
			runOnlyForDeploymentPostprocessing = 0;
		};
/* End PBXSourcesBuildPhase section */

/* Begin PBXTargetDependency section */
		420346A5204A9C6F00CE2D56 /* PBXTargetDependency */ = {
			isa = PBXTargetDependency;
			target = 4203468E204A9C6F00CE2D56 /* CertiWine */;
			targetProxy = 420346A4204A9C6F00CE2D56 /* PBXContainerItemProxy */;
		};
/* End PBXTargetDependency section */

/* Begin PBXVariantGroup section */
		42034696204A9C6F00CE2D56 /* Main.storyboard */ = {
			isa = PBXVariantGroup;
			children = (
				42034697204A9C6F00CE2D56 /* Base */,
				420346B7204AAAC300CE2D56 /* it */,
				420346BA204AABD100CE2D56 /* en */,
			);
			name = Main.storyboard;
			sourceTree = "<group>";
		};
		4203469B204A9C6F00CE2D56 /* LaunchScreen.storyboard */ = {
			isa = PBXVariantGroup;
			children = (
				4203469C204A9C6F00CE2D56 /* Base */,
				420346B8204AAAC300CE2D56 /* it */,
			);
			name = LaunchScreen.storyboard;
			sourceTree = "<group>";
		};
/* End PBXVariantGroup section */

/* Begin XCBuildConfiguration section */
		420346AA204A9C6F00CE2D56 /* Debug */ = {
			isa = XCBuildConfiguration;
			buildSettings = {
				ALWAYS_SEARCH_USER_PATHS = NO;
				CLANG_ANALYZER_LOCALIZABILITY_NONLOCALIZED = YES;
				CLANG_ANALYZER_NONNULL = YES;
				CLANG_ANALYZER_NUMBER_OBJECT_CONVERSION = YES_AGGRESSIVE;
				CLANG_CXX_LANGUAGE_STANDARD = "gnu++14";
				CLANG_CXX_LIBRARY = "libc++";
				CLANG_ENABLE_MODULES = YES;
				CLANG_ENABLE_OBJC_ARC = YES;
				CLANG_WARN_BLOCK_CAPTURE_AUTORELEASING = YES;
				CLANG_WARN_BOOL_CONVERSION = YES;
				CLANG_WARN_COMMA = YES;
				CLANG_WARN_CONSTANT_CONVERSION = YES;
				CLANG_WARN_DIRECT_OBJC_ISA_USAGE = YES_ERROR;
				CLANG_WARN_DOCUMENTATION_COMMENTS = YES;
				CLANG_WARN_EMPTY_BODY = YES;
				CLANG_WARN_ENUM_CONVERSION = YES;
				CLANG_WARN_INFINITE_RECURSION = YES;
				CLANG_WARN_INT_CONVERSION = YES;
				CLANG_WARN_NON_LITERAL_NULL_CONVERSION = YES;
				CLANG_WARN_OBJC_LITERAL_CONVERSION = YES;
				CLANG_WARN_OBJC_ROOT_CLASS = YES_ERROR;
				CLANG_WARN_RANGE_LOOP_ANALYSIS = YES;
				CLANG_WARN_STRICT_PROTOTYPES = YES;
				CLANG_WARN_SUSPICIOUS_MOVE = YES;
				CLANG_WARN_UNGUARDED_AVAILABILITY = YES_AGGRESSIVE;
				CLANG_WARN_UNREACHABLE_CODE = YES;
				CLANG_WARN__DUPLICATE_METHOD_MATCH = YES;
				CODE_SIGN_IDENTITY = "iPhone Developer";
				COPY_PHASE_STRIP = NO;
				DEBUG_INFORMATION_FORMAT = dwarf;
				ENABLE_STRICT_OBJC_MSGSEND = YES;
				ENABLE_TESTABILITY = YES;
				GCC_C_LANGUAGE_STANDARD = gnu11;
				GCC_DYNAMIC_NO_PIC = NO;
				GCC_NO_COMMON_BLOCKS = YES;
				GCC_OPTIMIZATION_LEVEL = 0;
				GCC_PREPROCESSOR_DEFINITIONS = (
					"DEBUG=1",
					"$(inherited)",
				);
				GCC_WARN_64_TO_32_BIT_CONVERSION = YES;
				GCC_WARN_ABOUT_RETURN_TYPE = YES_ERROR;
				GCC_WARN_UNDECLARED_SELECTOR = YES;
				GCC_WARN_UNINITIALIZED_AUTOS = YES_AGGRESSIVE;
				GCC_WARN_UNUSED_FUNCTION = YES;
				GCC_WARN_UNUSED_VARIABLE = YES;
				IPHONEOS_DEPLOYMENT_TARGET = 11.2;
				MTL_ENABLE_DEBUG_INFO = YES;
				ONLY_ACTIVE_ARCH = YES;
				SDKROOT = iphoneos;
				SWIFT_ACTIVE_COMPILATION_CONDITIONS = DEBUG;
				SWIFT_OPTIMIZATION_LEVEL = "-Onone";
			};
			name = Debug;
		};
		420346AB204A9C6F00CE2D56 /* Release */ = {
			isa = XCBuildConfiguration;
			buildSettings = {
				ALWAYS_SEARCH_USER_PATHS = NO;
				CLANG_ANALYZER_LOCALIZABILITY_NONLOCALIZED = YES;
				CLANG_ANALYZER_NONNULL = YES;
				CLANG_ANALYZER_NUMBER_OBJECT_CONVERSION = YES_AGGRESSIVE;
				CLANG_CXX_LANGUAGE_STANDARD = "gnu++14";
				CLANG_CXX_LIBRARY = "libc++";
				CLANG_ENABLE_MODULES = YES;
				CLANG_ENABLE_OBJC_ARC = YES;
				CLANG_WARN_BLOCK_CAPTURE_AUTORELEASING = YES;
				CLANG_WARN_BOOL_CONVERSION = YES;
				CLANG_WARN_COMMA = YES;
				CLANG_WARN_CONSTANT_CONVERSION = YES;
				CLANG_WARN_DIRECT_OBJC_ISA_USAGE = YES_ERROR;
				CLANG_WARN_DOCUMENTATION_COMMENTS = YES;
				CLANG_WARN_EMPTY_BODY = YES;
				CLANG_WARN_ENUM_CONVERSION = YES;
				CLANG_WARN_INFINITE_RECURSION = YES;
				CLANG_WARN_INT_CONVERSION = YES;
				CLANG_WARN_NON_LITERAL_NULL_CONVERSION = YES;
				CLANG_WARN_OBJC_LITERAL_CONVERSION = YES;
				CLANG_WARN_OBJC_ROOT_CLASS = YES_ERROR;
				CLANG_WARN_RANGE_LOOP_ANALYSIS = YES;
				CLANG_WARN_STRICT_PROTOTYPES = YES;
				CLANG_WARN_SUSPICIOUS_MOVE = YES;
				CLANG_WARN_UNGUARDED_AVAILABILITY = YES_AGGRESSIVE;
				CLANG_WARN_UNREACHABLE_CODE = YES;
				CLANG_WARN__DUPLICATE_METHOD_MATCH = YES;
				CODE_SIGN_IDENTITY = "iPhone Developer";
				COPY_PHASE_STRIP = NO;
				DEBUG_INFORMATION_FORMAT = "dwarf-with-dsym";
				ENABLE_NS_ASSERTIONS = NO;
				ENABLE_STRICT_OBJC_MSGSEND = YES;
				GCC_C_LANGUAGE_STANDARD = gnu11;
				GCC_NO_COMMON_BLOCKS = YES;
				GCC_WARN_64_TO_32_BIT_CONVERSION = YES;
				GCC_WARN_ABOUT_RETURN_TYPE = YES_ERROR;
				GCC_WARN_UNDECLARED_SELECTOR = YES;
				GCC_WARN_UNINITIALIZED_AUTOS = YES_AGGRESSIVE;
				GCC_WARN_UNUSED_FUNCTION = YES;
				GCC_WARN_UNUSED_VARIABLE = YES;
				IPHONEOS_DEPLOYMENT_TARGET = 11.2;
				MTL_ENABLE_DEBUG_INFO = NO;
				SDKROOT = iphoneos;
				SWIFT_OPTIMIZATION_LEVEL = "-Owholemodule";
				VALIDATE_PRODUCT = YES;
			};
			name = Release;
		};
		420346AD204A9C6F00CE2D56 /* Debug */ = {
			isa = XCBuildConfiguration;
			baseConfigurationReference = D2CADD1715B6B87D4FE14E0B /* Pods-CertiWine.debug.xcconfig */;
			buildSettings = {
				ASSETCATALOG_COMPILER_APPICON_NAME = AppIcon;
				CODE_SIGN_STYLE = Automatic;
				DEVELOPMENT_TEAM = 6S5F5K22NW;
				INFOPLIST_FILE = CertiWine/Info.plist;
				LD_RUNPATH_SEARCH_PATHS = "$(inherited) @executable_path/Frameworks";
				PRODUCT_BUNDLE_IDENTIFIER = iocreate.CertiWine;
				PRODUCT_NAME = "$(TARGET_NAME)";
				SWIFT_VERSION = 4.0;
				TARGETED_DEVICE_FAMILY = "1,2";
			};
			name = Debug;
		};
		420346AE204A9C6F00CE2D56 /* Release */ = {
			isa = XCBuildConfiguration;
			baseConfigurationReference = C479593ED983DB6A3CEF760E /* Pods-CertiWine.release.xcconfig */;
			buildSettings = {
				ASSETCATALOG_COMPILER_APPICON_NAME = AppIcon;
				CODE_SIGN_STYLE = Automatic;
				DEVELOPMENT_TEAM = 6S5F5K22NW;
				INFOPLIST_FILE = CertiWine/Info.plist;
				LD_RUNPATH_SEARCH_PATHS = "$(inherited) @executable_path/Frameworks";
				PRODUCT_BUNDLE_IDENTIFIER = iocreate.CertiWine;
				PRODUCT_NAME = "$(TARGET_NAME)";
				SWIFT_VERSION = 4.0;
				TARGETED_DEVICE_FAMILY = "1,2";
			};
			name = Release;
		};
		420346B0204A9C6F00CE2D56 /* Debug */ = {
			isa = XCBuildConfiguration;
			baseConfigurationReference = 83A7A20D21EF3DE1B696F399 /* Pods-CertiWineTests.debug.xcconfig */;
			buildSettings = {
				ALWAYS_EMBED_SWIFT_STANDARD_LIBRARIES = YES;
				BUNDLE_LOADER = "$(TEST_HOST)";
				CODE_SIGN_STYLE = Automatic;
				DEVELOPMENT_TEAM = 6S5F5K22NW;
				INFOPLIST_FILE = CertiWineTests/Info.plist;
				LD_RUNPATH_SEARCH_PATHS = "$(inherited) @executable_path/Frameworks @loader_path/Frameworks";
				PRODUCT_BUNDLE_IDENTIFIER = iocreate.CertiWineTests;
				PRODUCT_NAME = "$(TARGET_NAME)";
				SWIFT_VERSION = 4.0;
				TARGETED_DEVICE_FAMILY = "1,2";
				TEST_HOST = "$(BUILT_PRODUCTS_DIR)/CertiWine.app/CertiWine";
			};
			name = Debug;
		};
		420346B1204A9C6F00CE2D56 /* Release */ = {
			isa = XCBuildConfiguration;
			baseConfigurationReference = 49EF67712C29174D7DBFA5CB /* Pods-CertiWineTests.release.xcconfig */;
			buildSettings = {
				ALWAYS_EMBED_SWIFT_STANDARD_LIBRARIES = YES;
				BUNDLE_LOADER = "$(TEST_HOST)";
				CODE_SIGN_STYLE = Automatic;
				DEVELOPMENT_TEAM = 6S5F5K22NW;
				INFOPLIST_FILE = CertiWineTests/Info.plist;
				LD_RUNPATH_SEARCH_PATHS = "$(inherited) @executable_path/Frameworks @loader_path/Frameworks";
				PRODUCT_BUNDLE_IDENTIFIER = iocreate.CertiWineTests;
				PRODUCT_NAME = "$(TARGET_NAME)";
				SWIFT_VERSION = 4.0;
				TARGETED_DEVICE_FAMILY = "1,2";
				TEST_HOST = "$(BUILT_PRODUCTS_DIR)/CertiWine.app/CertiWine";
			};
			name = Release;
		};
/* End XCBuildConfiguration section */

/* Begin XCConfigurationList section */
		4203468A204A9C6F00CE2D56 /* Build configuration list for PBXProject "CertiWine" */ = {
			isa = XCConfigurationList;
			buildConfigurations = (
				420346AA204A9C6F00CE2D56 /* Debug */,
				420346AB204A9C6F00CE2D56 /* Release */,
			);
			defaultConfigurationIsVisible = 0;
			defaultConfigurationName = Release;
		};
		420346AC204A9C6F00CE2D56 /* Build configuration list for PBXNativeTarget "CertiWine" */ = {
			isa = XCConfigurationList;
			buildConfigurations = (
				420346AD204A9C6F00CE2D56 /* Debug */,
				420346AE204A9C6F00CE2D56 /* Release */,
			);
			defaultConfigurationIsVisible = 0;
			defaultConfigurationName = Release;
		};
		420346AF204A9C6F00CE2D56 /* Build configuration list for PBXNativeTarget "CertiWineTests" */ = {
			isa = XCConfigurationList;
			buildConfigurations = (
				420346B0204A9C6F00CE2D56 /* Debug */,
				420346B1204A9C6F00CE2D56 /* Release */,
			);
			defaultConfigurationIsVisible = 0;
			defaultConfigurationName = Release;
		};
/* End XCConfigurationList section */
	};
	rootObject = 42034687204A9C6F00CE2D56 /* Project object */;
}
